
Microsoft Visual Studio Solution File, Format Version 12.00
# Visual Studio Version 17
VisualStudioVersion = 17.14.36310.24
MinimumVisualStudioVersion = 10.0.40219.1
Project("{FAE04EC0-301F-11D3-BF4B-00C04F79EFBC}") = "Api", "Api\Api.csproj", "{36398387-B8EC-4AD4-A275-5096A2AC7F0E}"
EndProject
Project("{FAE04EC0-301F-11D3-BF4B-00C04F79EFBC}") = "Application", "Application\Application.csproj", "{8F67C632-DA9B-468B-AEEF-7F0CE1057352}"
EndProject
Project("{FAE04EC0-301F-11D3-BF4B-00C04F79EFBC}") = "Domain", "Domain\Domain.csproj", "{09225E5C-EAB3-40BB-A142-0692B0FBC4F2}"
EndProject
Project("{FAE04EC0-301F-11D3-BF4B-00C04F79EFBC}") = "Infrastructure", "Infrastructure\Infrastructure.csproj", "{3C9C4D13-FE17-4792-AEA8-E2330711E266}"
EndProject
Project("{FAE04EC0-301F-11D3-BF4B-00C04F79EFBC}") = "Shared", "Shared\Shared.csproj", "{6F1C94D0-FCE9-4ED8-8F6C-CBA79CE8EECC}"
EndProject
Global
	GlobalSection(SolutionConfigurationPlatforms) = preSolution
		Debug|Any CPU = Debug|Any CPU
		Release|Any CPU = Release|Any CPU
	EndGlobalSection
	GlobalSection(ProjectConfigurationPlatforms) = postSolution
		{36398387-B8EC-4AD4-A275-5096A2AC7F0E}.Debug|Any CPU.ActiveCfg = Debug|Any CPU
		{36398387-B8EC-4AD4-A275-5096A2AC7F0E}.Debug|Any CPU.Build.0 = Debug|Any CPU
		{36398387-B8EC-4AD4-A275-5096A2AC7F0E}.Release|Any CPU.ActiveCfg = Release|Any CPU
		{36398387-B8EC-4AD4-A275-5096A2AC7F0E}.Release|Any CPU.Build.0 = Release|Any CPU
		{8F67C632-DA9B-468B-AEEF-7F0CE1057352}.Debug|Any CPU.ActiveCfg = Debug|Any CPU
		{8F67C632-DA9B-468B-AEEF-7F0CE1057352}.Debug|Any CPU.Build.0 = Debug|Any CPU
		{8F67C632-DA9B-468B-AEEF-7F0CE1057352}.Release|Any CPU.ActiveCfg = Release|Any CPU
		{8F67C632-DA9B-468B-AEEF-7F0CE1057352}.Release|Any CPU.Build.0 = Release|Any CPU
		{09225E5C-EAB3-40BB-A142-0692B0FBC4F2}.Debug|Any CPU.ActiveCfg = Debug|Any CPU
		{09225E5C-EAB3-40BB-A142-0692B0FBC4F2}.Debug|Any CPU.Build.0 = Debug|Any CPU
		{09225E5C-EAB3-40BB-A142-0692B0FBC4F2}.Release|Any CPU.ActiveCfg = Release|Any CPU
		{09225E5C-EAB3-40BB-A142-0692B0FBC4F2}.Release|Any CPU.Build.0 = Release|Any CPU
		{3C9C4D13-FE17-4792-AEA8-E2330711E266}.Debug|Any CPU.ActiveCfg = Debug|Any CPU
		{3C9C4D13-FE17-4792-AEA8-E2330711E266}.Debug|Any CPU.Build.0 = Debug|Any CPU
		{3C9C4D13-FE17-4792-AEA8-E2330711E266}.Release|Any CPU.ActiveCfg = Release|Any CPU
		{3C9C4D13-FE17-4792-AEA8-E2330711E266}.Release|Any CPU.Build.0 = Release|Any CPU
		{6F1C94D0-FCE9-4ED8-8F6C-CBA79CE8EECC}.Debug|Any CPU.ActiveCfg = Debug|Any CPU
		{6F1C94D0-FCE9-4ED8-8F6C-CBA79CE8EECC}.Debug|Any CPU.Build.0 = Debug|Any CPU
		{6F1C94D0-FCE9-4ED8-8F6C-CBA79CE8EECC}.Release|Any CPU.ActiveCfg = Release|Any CPU
		{6F1C94D0-FCE9-4ED8-8F6C-CBA79CE8EECC}.Release|Any CPU.Build.0 = Release|Any CPU
	EndGlobalSection
	GlobalSection(SolutionProperties) = preSolution
		HideSolutionNode = FALSE
	EndGlobalSection
	GlobalSection(ExtensibilityGlobals) = postSolution
		SolutionGuid = {2EE453C8-AFBA-45E6-A8ED-3E519BBEC2A3}
	EndGlobalSection
EndGlobal
